<?xml version="1.0" encoding="UTF-8" standalone="yes" ?>
<CodeBlocks_project_file>
	<FileVersion major="1" minor="6" />
	<Project>
		<Option title="PFC" />
		<Option pch_mode="2" />
		<Option compiler="gcc" />
		<Build>
			<Target title="ind build_set">
				<Option output="bin/ind_build_set/PFC" prefix_auto="1" extension_auto="1" />
				<Option object_output="obj/ind_build_set/" />
				<Option type="1" />
				<Option compiler="gcc" />
				<Compiler>
					<Add option="-g" />
					<Add directory="include" />
				</Compiler>
			</Target>
			<Target title="ind check_set">
				<Option output="bin/ind_check_set/PFC" prefix_auto="1" extension_auto="1" />
				<Option object_output="obj/ind_check_set/" />
				<Option type="1" />
				<Option compiler="gcc" />
				<Compiler>
					<Add option="-g" />
					<Add directory="include" />
				</Compiler>
			</Target>
			<Target title="ind check_set_maximal">
				<Option output="bin/ind_check_set_maximal/PFC" prefix_auto="1" extension_auto="1" />
				<Option object_output="obj/ind_check_set_maximal/" />
				<Option type="1" />
				<Option compiler="gcc" />
				<Compiler>
					<Add option="-g" />
					<Add directory="include" />
				</Compiler>
			</Target>
			<Target title="dom build_set">
				<Option output="bin/dom_build_set/PFC" prefix_auto="1" extension_auto="1" />
				<Option object_output="obj/dom_build_set/" />
				<Option type="1" />
				<Option compiler="gcc" />
				<Compiler>
					<Add option="-g" />
					<Add directory="include" />
				</Compiler>
			</Target>
			<Target title="dom check_set">
				<Option output="bin/dom_check_set/PFC" prefix_auto="1" extension_auto="1" />
				<Option object_output="obj/dom_check_set/" />
				<Option type="1" />
				<Option compiler="gcc" />
				<Compiler>
					<Add option="-g" />
					<Add directory="include" />
				</Compiler>
			</Target>
			<Target title="dom check_set_minimal">
				<Option output="bin/dom_check_set_minimal/PFC" prefix_auto="1" extension_auto="1" />
				<Option object_output="obj/dom_check_set_minimal/" />
				<Option type="1" />
				<Option compiler="gcc" />
				<Compiler>
					<Add option="-g" />
					<Add directory="include" />
				</Compiler>
			</Target>
			<Target title="ind maximum_independent_set">
				<Option output="bin/ind_build_set_maximum/PFC" prefix_auto="1" extension_auto="1" />
				<Option object_output="obj/ind_build_set_maximum/" />
				<Option type="1" />
				<Option compiler="gcc" />
				<Compiler>
					<Add option="-g" />
					<Add directory="include" />
				</Compiler>
			</Target>
			<Target title="dom minimum_dominant_set">
				<Option output="bin/dom_build_set_minimum/PFC" prefix_auto="1" extension_auto="1" />
				<Option object_output="obj/dom_build_set_minimum/" />
				<Option type="1" />
				<Option compiler="gcc" />
				<Compiler>
					<Add option="-g" />
					<Add directory="include" />
				</Compiler>
			</Target>
			<Target title="ind robson">
				<Option output="bin/ind_robson/PFC" prefix_auto="1" extension_auto="1" />
				<Option object_output="obj/ind_robson/" />
				<Option type="1" />
				<Option compiler="gcc" />
				<Compiler>
					<Add option="-g" />
					<Add directory="include" />
				</Compiler>
			</Target>
		</Build>
		<Compiler>
			<Add option="-Wall" />
			<Add option="-fexceptions" />
		</Compiler>
		<Unit filename="dominant_set/build_set.cpp">
			<Option target="dom build_set" />
		</Unit>
		<Unit filename="dominant_set/check_set.cpp">
			<Option target="dom check_set" />
		</Unit>
		<Unit filename="dominant_set/check_set_minimal.cpp">
			<Option target="dom check_set_minimal" />
		</Unit>
		<Unit filename="dominant_set/minimal_dominant_set.cpp">
			<Option target="dom minimum_dominant_set" />
		</Unit>
		<Unit filename="include/AdjList.h" />
		<Unit filename="include/AdjMatrix.h" />
		<Unit filename="include/Dominant.h">
			<Option target="dom build_set" />
			<Option target="dom check_set" />
			<Option target="dom check_set_minimal" />
			<Option target="dom minimum_dominant_set" />
		</Unit>
		<Unit filename="include/Graph.h" />
		<Unit filename="include/Independent.h">
			<Option target="ind build_set" />
			<Option target="ind check_set" />
			<Option target="ind check_set_maximal" />
			<Option target="ind maximum_independent_set" />
			<Option target="ind robson" />
		</Unit>
		<Unit filename="independent_set/build_set.cpp">
			<Option target="ind build_set" />
		</Unit>
		<Unit filename="independent_set/check_set.cpp">
			<Option target="ind check_set" />
		</Unit>
		<Unit filename="independent_set/check_set_maximal.cpp">
			<Option target="ind check_set_maximal" />
		</Unit>
		<Unit filename="independent_set/maximum_independent_set.cpp">
			<Option target="ind maximum_independent_set" />
		</Unit>
		<Unit filename="independent_set/robson.cpp">
			<Option target="ind robson" />
		</Unit>
		<Unit filename="src/AdjList.cpp" />
		<Unit filename="src/AdjMatrix.cpp" />
		<Unit filename="src/Dominant.cpp">
			<Option target="ind check_set" />
			<Option target="dom build_set" />
			<Option target="dom check_set" />
			<Option target="dom check_set_minimal" />
			<Option target="dom minimum_dominant_set" />
		</Unit>
		<Unit filename="src/Graph.cpp" />
		<Unit filename="src/Independent.cpp">
			<Option target="ind build_set" />
			<Option target="ind check_set" />
			<Option target="ind check_set_maximal" />
			<Option target="ind maximum_independent_set" />
			<Option target="ind robson" />
		</Unit>
		<Extensions>
			<code_completion />
			<envvars />
			<debugger />
		</Extensions>
	</Project>
</CodeBlocks_project_file>
